
Microsoft Visual Studio Solution File, Format Version 12.00
# Visual Studio Version 17
VisualStudioVersion = 17.5.33516.290
MinimumVisualStudioVersion = 10.0.40219.1
Project("{FAE04EC0-301F-11D3-BF4B-00C04F79EFBC}") = "Fibonacci", "Fibonacci\Fibonacci.csproj", "{57DAC5F6-B314-40E5-B952-D9FF6C6305A8}"
EndProject
Project("{FAE04EC0-301F-11D3-BF4B-00C04F79EFBC}") = "Faturamento", "Faturamento\Faturamento.csproj", "{A7B1E116-5E9A-4602-A84E-2A2305A4135B}"
EndProject
Project("{FAE04EC0-301F-11D3-BF4B-00C04F79EFBC}") = "Soma", "Soma\Soma.csproj", "{6975D2E6-26B3-4C53-A3B0-56F43AE7F157}"
EndProject
Global
	GlobalSection(SolutionConfigurationPlatforms) = preSolution
		Debug|Any CPU = Debug|Any CPU
		Release|Any CPU = Release|Any CPU
	EndGlobalSection
	GlobalSection(ProjectConfigurationPlatforms) = postSolution
		{57DAC5F6-B314-40E5-B952-D9FF6C6305A8}.Debug|Any CPU.ActiveCfg = Debug|Any CPU
		{57DAC5F6-B314-40E5-B952-D9FF6C6305A8}.Debug|Any CPU.Build.0 = Debug|Any CPU
		{57DAC5F6-B314-40E5-B952-D9FF6C6305A8}.Release|Any CPU.ActiveCfg = Release|Any CPU
		{57DAC5F6-B314-40E5-B952-D9FF6C6305A8}.Release|Any CPU.Build.0 = Release|Any CPU
		{A7B1E116-5E9A-4602-A84E-2A2305A4135B}.Debug|Any CPU.ActiveCfg = Debug|Any CPU
		{A7B1E116-5E9A-4602-A84E-2A2305A4135B}.Debug|Any CPU.Build.0 = Debug|Any CPU
		{A7B1E116-5E9A-4602-A84E-2A2305A4135B}.Release|Any CPU.ActiveCfg = Release|Any CPU
		{A7B1E116-5E9A-4602-A84E-2A2305A4135B}.Release|Any CPU.Build.0 = Release|Any CPU
		{6975D2E6-26B3-4C53-A3B0-56F43AE7F157}.Debug|Any CPU.ActiveCfg = Debug|Any CPU
		{6975D2E6-26B3-4C53-A3B0-56F43AE7F157}.Debug|Any CPU.Build.0 = Debug|Any CPU
		{6975D2E6-26B3-4C53-A3B0-56F43AE7F157}.Release|Any CPU.ActiveCfg = Release|Any CPU
		{6975D2E6-26B3-4C53-A3B0-56F43AE7F157}.Release|Any CPU.Build.0 = Release|Any CPU
	EndGlobalSection
	GlobalSection(SolutionProperties) = preSolution
		HideSolutionNode = FALSE
	EndGlobalSection
	GlobalSection(ExtensibilityGlobals) = postSolution
		SolutionGuid = {C7E23FF7-6B8B-4AC5-952C-FDE0D342B712}
	EndGlobalSection
EndGlobal
